// !$*UTF8*$!
{
	archiveVersion = 1;
	classes = {
	};
	objectVersion = 56;
	objects = {

/* Begin PBXBuildFile section */
		64E048EA2A9572E000C68C19 /* AppDelegate.swift in Sources */ = {isa = PBXBuildFile; fileRef = 64E048E92A9572E000C68C19 /* AppDelegate.swift */; };
		64E048EC2A9572E000C68C19 /* SceneDelegate.swift in Sources */ = {isa = PBXBuildFile; fileRef = 64E048EB2A9572E000C68C19 /* SceneDelegate.swift */; };
		64E048EE2A9572E000C68C19 /* ViewController.swift in Sources */ = {isa = PBXBuildFile; fileRef = 64E048ED2A9572E000C68C19 /* ViewController.swift */; };
		64E048F12A9572E000C68C19 /* Main.storyboard in Resources */ = {isa = PBXBuildFile; fileRef = 64E048EF2A9572E000C68C19 /* Main.storyboard */; };
		64E048F32A9572E400C68C19 /* Assets.xcassets in Resources */ = {isa = PBXBuildFile; fileRef = 64E048F22A9572E400C68C19 /* Assets.xcassets */; };
		64E048F62A9572E400C68C19 /* LaunchScreen.storyboard in Resources */ = {isa = PBXBuildFile; fileRef = 64E048F42A9572E400C68C19 /* LaunchScreen.storyboard */; };
		64E049012A9572E500C68C19 /* CatStoryBoardTests.swift in Sources */ = {isa = PBXBuildFile; fileRef = 64E049002A9572E400C68C19 /* CatStoryBoardTests.swift */; };
		64E0490B2A9572E500C68C19 /* CatStoryBoardUITests.swift in Sources */ = {isa = PBXBuildFile; fileRef = 64E0490A2A9572E500C68C19 /* CatStoryBoardUITests.swift */; };
		64E0490D2A9572E500C68C19 /* CatStoryBoardUITestsLaunchTests.swift in Sources */ = {isa = PBXBuildFile; fileRef = 64E0490C2A9572E500C68C19 /* CatStoryBoardUITestsLaunchTests.swift */; };
		64E0491B2A95752800C68C19 /* Info.swift in Sources */ = {isa = PBXBuildFile; fileRef = 64E0491A2A95752800C68C19 /* Info.swift */; };
		64E0491E2A95753F00C68C19 /* InfoService.swift in Sources */ = {isa = PBXBuildFile; fileRef = 64E0491D2A95753F00C68C19 /* InfoService.swift */; };
		64E049212A95B30B00C68C19 /* CatServiceViewModel.swift in Sources */ = {isa = PBXBuildFile; fileRef = 64E049202A95B30B00C68C19 /* CatServiceViewModel.swift */; };
		64E049242A95B6F800C68C19 /* CatListView.swift in Sources */ = {isa = PBXBuildFile; fileRef = 64E049232A95B6F800C68C19 /* CatListView.swift */; };
/* End PBXBuildFile section */

/* Begin PBXContainerItemProxy section */
		64E048FD2A9572E400C68C19 /* PBXContainerItemProxy */ = {
			isa = PBXContainerItemProxy;
			containerPortal = 64E048DE2A9572E000C68C19 /* Project object */;
			proxyType = 1;
			remoteGlobalIDString = 64E048E52A9572E000C68C19;
			remoteInfo = CatStoryBoard;
		};
		64E049072A9572E500C68C19 /* PBXContainerItemProxy */ = {
			isa = PBXContainerItemProxy;
			containerPortal = 64E048DE2A9572E000C68C19 /* Project object */;
			proxyType = 1;
			remoteGlobalIDString = 64E048E52A9572E000C68C19;
			remoteInfo = CatStoryBoard;
		};
/* End PBXContainerItemProxy section */

/* Begin PBXFileReference section */
		64E048E62A9572E000C68C19 /* CatStoryBoard.app */ = {isa = PBXFileReference; explicitFileType = wrapper.application; includeInIndex = 0; path = CatStoryBoard.app; sourceTree = BUILT_PRODUCTS_DIR; };
		64E048E92A9572E000C68C19 /* AppDelegate.swift */ = {isa = PBXFileReference; lastKnownFileType = sourcecode.swift; path = AppDelegate.swift; sourceTree = "<group>"; };
		64E048EB2A9572E000C68C19 /* SceneDelegate.swift */ = {isa = PBXFileReference; lastKnownFileType = sourcecode.swift; path = SceneDelegate.swift; sourceTree = "<group>"; };
		64E048ED2A9572E000C68C19 /* ViewController.swift */ = {isa = PBXFileReference; lastKnownFileType = sourcecode.swift; path = ViewController.swift; sourceTree = "<group>"; };
		64E048F02A9572E000C68C19 /* Base */ = {isa = PBXFileReference; lastKnownFileType = file.storyboard; name = Base; path = Base.lproj/Main.storyboard; sourceTree = "<group>"; };
		64E048F22A9572E400C68C19 /* Assets.xcassets */ = {isa = PBXFileReference; lastKnownFileType = folder.assetcatalog; path = Assets.xcassets; sourceTree = "<group>"; };
		64E048F52A9572E400C68C19 /* Base */ = {isa = PBXFileReference; lastKnownFileType = file.storyboard; name = Base; path = Base.lproj/LaunchScreen.storyboard; sourceTree = "<group>"; };
		64E048F72A9572E400C68C19 /* Info.plist */ = {isa = PBXFileReference; lastKnownFileType = text.plist.xml; path = Info.plist; sourceTree = "<group>"; };
		64E048FC2A9572E400C68C19 /* CatStoryBoardTests.xctest */ = {isa = PBXFileReference; explicitFileType = wrapper.cfbundle; includeInIndex = 0; path = CatStoryBoardTests.xctest; sourceTree = BUILT_PRODUCTS_DIR; };
		64E049002A9572E400C68C19 /* CatStoryBoardTests.swift */ = {isa = PBXFileReference; lastKnownFileType = sourcecode.swift; path = CatStoryBoardTests.swift; sourceTree = "<group>"; };
		64E049062A9572E500C68C19 /* CatStoryBoardUITests.xctest */ = {isa = PBXFileReference; explicitFileType = wrapper.cfbundle; includeInIndex = 0; path = CatStoryBoardUITests.xctest; sourceTree = BUILT_PRODUCTS_DIR; };
		64E0490A2A9572E500C68C19 /* CatStoryBoardUITests.swift */ = {isa = PBXFileReference; lastKnownFileType = sourcecode.swift; path = CatStoryBoardUITests.swift; sourceTree = "<group>"; };
		64E0490C2A9572E500C68C19 /* CatStoryBoardUITestsLaunchTests.swift */ = {isa = PBXFileReference; lastKnownFileType = sourcecode.swift; path = CatStoryBoardUITestsLaunchTests.swift; sourceTree = "<group>"; };
		64E0491A2A95752800C68C19 /* Info.swift */ = {isa = PBXFileReference; lastKnownFileType = sourcecode.swift; path = Info.swift; sourceTree = "<group>"; };
		64E0491D2A95753F00C68C19 /* InfoService.swift */ = {isa = PBXFileReference; lastKnownFileType = sourcecode.swift; path = InfoService.swift; sourceTree = "<group>"; };
		64E049202A95B30B00C68C19 /* CatServiceViewModel.swift */ = {isa = PBXFileReference; lastKnownFileType = sourcecode.swift; path = CatServiceViewModel.swift; sourceTree = "<group>"; };
		64E049232A95B6F800C68C19 /* CatListView.swift */ = {isa = PBXFileReference; lastKnownFileType = sourcecode.swift; path = CatListView.swift; sourceTree = "<group>"; };
/* End PBXFileReference section */

/* Begin PBXFrameworksBuildPhase section */
		64E048E32A9572E000C68C19 /* Frameworks */ = {
			isa = PBXFrameworksBuildPhase;
			buildActionMask = 2147483647;
			files = (
			);
			runOnlyForDeploymentPostprocessing = 0;
		};
		64E048F92A9572E400C68C19 /* Frameworks */ = {
			isa = PBXFrameworksBuildPhase;
			buildActionMask = 2147483647;
			files = (
			);
			runOnlyForDeploymentPostprocessing = 0;
		};
		64E049032A9572E500C68C19 /* Frameworks */ = {
			isa = PBXFrameworksBuildPhase;
			buildActionMask = 2147483647;
			files = (
			);
			runOnlyForDeploymentPostprocessing = 0;
		};
/* End PBXFrameworksBuildPhase section */

/* Begin PBXGroup section */
		64E048DD2A9572E000C68C19 = {
			isa = PBXGroup;
			children = (
				64E048E82A9572E000C68C19 /* CatStoryBoard */,
				64E048FF2A9572E400C68C19 /* CatStoryBoardTests */,
				64E049092A9572E500C68C19 /* CatStoryBoardUITests */,
				64E048E72A9572E000C68C19 /* Products */,
			);
			sourceTree = "<group>";
		};
		64E048E72A9572E000C68C19 /* Products */ = {
			isa = PBXGroup;
			children = (
				64E048E62A9572E000C68C19 /* CatStoryBoard.app */,
				64E048FC2A9572E400C68C19 /* CatStoryBoardTests.xctest */,
				64E049062A9572E500C68C19 /* CatStoryBoardUITests.xctest */,
			);
			name = Products;
			sourceTree = "<group>";
		};
		64E048E82A9572E000C68C19 /* CatStoryBoard */ = {
			isa = PBXGroup;
			children = (
				64E049222A95B6A800C68C19 /* View */,
				64E0491F2A95B2F400C68C19 /* ViewModel */,
				64E0491C2A95753300C68C19 /* Service */,
				64E049192A95751900C68C19 /* Model */,
				64E048E92A9572E000C68C19 /* AppDelegate.swift */,
				64E048EB2A9572E000C68C19 /* SceneDelegate.swift */,
				64E048ED2A9572E000C68C19 /* ViewController.swift */,
				64E048EF2A9572E000C68C19 /* Main.storyboard */,
				64E048F22A9572E400C68C19 /* Assets.xcassets */,
				64E048F42A9572E400C68C19 /* LaunchScreen.storyboard */,
				64E048F72A9572E400C68C19 /* Info.plist */,
			);
			path = CatStoryBoard;
			sourceTree = "<group>";
		};
		64E048FF2A9572E400C68C19 /* CatStoryBoardTests */ = {
			isa = PBXGroup;
			children = (
				64E049002A9572E400C68C19 /* CatStoryBoardTests.swift */,
			);
			path = CatStoryBoardTests;
			sourceTree = "<group>";
		};
		64E049092A9572E500C68C19 /* CatStoryBoardUITests */ = {
			isa = PBXGroup;
			children = (
				64E0490A2A9572E500C68C19 /* CatStoryBoardUITests.swift */,
				64E0490C2A9572E500C68C19 /* CatStoryBoardUITestsLaunchTests.swift */,
			);
			path = CatStoryBoardUITests;
			sourceTree = "<group>";
		};
		64E049192A95751900C68C19 /* Model */ = {
			isa = PBXGroup;
			children = (
				64E0491A2A95752800C68C19 /* Info.swift */,
			);
			path = Model;
			sourceTree = "<group>";
		};
		64E0491C2A95753300C68C19 /* Service */ = {
			isa = PBXGroup;
			children = (
				64E0491D2A95753F00C68C19 /* InfoService.swift */,
			);
			path = Service;
			sourceTree = "<group>";
		};
		64E0491F2A95B2F400C68C19 /* ViewModel */ = {
			isa = PBXGroup;
			children = (
				64E049202A95B30B00C68C19 /* CatServiceViewModel.swift */,
			);
			path = ViewModel;
			sourceTree = "<group>";
		};
		64E049222A95B6A800C68C19 /* View */ = {
			isa = PBXGroup;
			children = (
				64E049232A95B6F800C68C19 /* CatListView.swift */,
			);
			path = View;
			sourceTree = "<group>";
		};
/* End PBXGroup section */

/* Begin PBXNativeTarget section */
		64E048E52A9572E000C68C19 /* CatStoryBoard */ = {
			isa = PBXNativeTarget;
			buildConfigurationList = 64E049102A9572E500C68C19 /* Build configuration list for PBXNativeTarget "CatStoryBoard" */;
			buildPhases = (
				64E048E22A9572E000C68C19 /* Sources */,
				64E048E32A9572E000C68C19 /* Frameworks */,
				64E048E42A9572E000C68C19 /* Resources */,
			);
			buildRules = (
			);
			dependencies = (
			);
			name = CatStoryBoard;
			productName = CatStoryBoard;
			productReference = 64E048E62A9572E000C68C19 /* CatStoryBoard.app */;
			productType = "com.apple.product-type.application";
		};
		64E048FB2A9572E400C68C19 /* CatStoryBoardTests */ = {
			isa = PBXNativeTarget;
			buildConfigurationList = 64E049132A9572E500C68C19 /* Build configuration list for PBXNativeTarget "CatStoryBoardTests" */;
			buildPhases = (
				64E048F82A9572E400C68C19 /* Sources */,
				64E048F92A9572E400C68C19 /* Frameworks */,
				64E048FA2A9572E400C68C19 /* Resources */,
			);
			buildRules = (
			);
			dependencies = (
				64E048FE2A9572E400C68C19 /* PBXTargetDependency */,
			);
			name = CatStoryBoardTests;
			productName = CatStoryBoardTests;
			productReference = 64E048FC2A9572E400C68C19 /* CatStoryBoardTests.xctest */;
			productType = "com.apple.product-type.bundle.unit-test";
		};
		64E049052A9572E500C68C19 /* CatStoryBoardUITests */ = {
			isa = PBXNativeTarget;
			buildConfigurationList = 64E049162A9572E500C68C19 /* Build configuration list for PBXNativeTarget "CatStoryBoardUITests" */;
			buildPhases = (
				64E049022A9572E500C68C19 /* Sources */,
				64E049032A9572E500C68C19 /* Frameworks */,
				64E049042A9572E500C68C19 /* Resources */,
			);
			buildRules = (
			);
			dependencies = (
				64E049082A9572E500C68C19 /* PBXTargetDependency */,
			);
			name = CatStoryBoardUITests;
			productName = CatStoryBoardUITests;
			productReference = 64E049062A9572E500C68C19 /* CatStoryBoardUITests.xctest */;
			productType = "com.apple.product-type.bundle.ui-testing";
		};
/* End PBXNativeTarget section */

/* Begin PBXProject section */
		64E048DE2A9572E000C68C19 /* Project object */ = {
			isa = PBXProject;
			attributes = {
				BuildIndependentTargetsInParallel = 1;
				LastSwiftUpdateCheck = 1430;
				LastUpgradeCheck = 1430;
				TargetAttributes = {
					64E048E52A9572E000C68C19 = {
						CreatedOnToolsVersion = 14.3.1;
					};
					64E048FB2A9572E400C68C19 = {
						CreatedOnToolsVersion = 14.3.1;
						TestTargetID = 64E048E52A9572E000C68C19;
					};
					64E049052A9572E500C68C19 = {
						CreatedOnToolsVersion = 14.3.1;
						TestTargetID = 64E048E52A9572E000C68C19;
					};
				};
			};
			buildConfigurationList = 64E048E12A9572E000C68C19 /* Build configuration list for PBXProject "CatStoryBoard" */;
			compatibilityVersion = "Xcode 14.0";
			developmentRegion = en;
			hasScannedForEncodings = 0;
			knownRegions = (
				en,
				Base,
			);
			mainGroup = 64E048DD2A9572E000C68C19;
			productRefGroup = 64E048E72A9572E000C68C19 /* Products */;
			projectDirPath = "";
			projectRoot = "";
			targets = (
				64E048E52A9572E000C68C19 /* CatStoryBoard */,
				64E048FB2A9572E400C68C19 /* CatStoryBoardTests */,
				64E049052A9572E500C68C19 /* CatStoryBoardUITests */,
			);
		};
/* End PBXProject section */

/* Begin PBXResourcesBuildPhase section */
		64E048E42A9572E000C68C19 /* Resources */ = {
			isa = PBXResourcesBuildPhase;
			buildActionMask = 2147483647;
			files = (
				64E048F62A9572E400C68C19 /* LaunchScreen.storyboard in Resources */,
				64E048F32A9572E400C68C19 /* Assets.xcassets in Resources */,
				64E048F12A9572E000C68C19 /* Main.storyboard in Resources */,
			);
			runOnlyForDeploymentPostprocessing = 0;
		};
		64E048FA2A9572E400C68C19 /* Resources */ = {
			isa = PBXResourcesBuildPhase;
			buildActionMask = 2147483647;
			files = (
			);
			runOnlyForDeploymentPostprocessing = 0;
		};
		64E049042A9572E500C68C19 /* Resources */ = {
			isa = PBXResourcesBuildPhase;
			buildActionMask = 2147483647;
			files = (
			);
			runOnlyForDeploymentPostprocessing = 0;
		};
/* End PBXResourcesBuildPhase section */

/* Begin PBXSourcesBuildPhase section */
		64E048E22A9572E000C68C19 /* Sources */ = {
			isa = PBXSourcesBuildPhase;
			buildActionMask = 2147483647;
			files = (
				64E049242A95B6F800C68C19 /* CatListView.swift in Sources */,
				64E048EE2A9572E000C68C19 /* ViewController.swift in Sources */,
				64E0491B2A95752800C68C19 /* Info.swift in Sources */,
				64E049212A95B30B00C68C19 /* CatServiceViewModel.swift in Sources */,
				64E048EA2A9572E000C68C19 /* AppDelegate.swift in Sources */,
				64E048EC2A9572E000C68C19 /* SceneDelegate.swift in Sources */,
				64E0491E2A95753F00C68C19 /* InfoService.swift in Sources */,
			);
			runOnlyForDeploymentPostprocessing = 0;
		};
		64E048F82A9572E400C68C19 /* Sources */ = {
			isa = PBXSourcesBuildPhase;
			buildActionMask = 2147483647;
			files = (
				64E049012A9572E500C68C19 /* CatStoryBoardTests.swift in Sources */,
			);
			runOnlyForDeploymentPostprocessing = 0;
		};
		64E049022A9572E500C68C19 /* Sources */ = {
			isa = PBXSourcesBuildPhase;
			buildActionMask = 2147483647;
			files = (
				64E0490D2A9572E500C68C19 /* CatStoryBoardUITestsLaunchTests.swift in Sources */,
				64E0490B2A9572E500C68C19 /* CatStoryBoardUITests.swift in Sources */,
			);
			runOnlyForDeploymentPostprocessing = 0;
		};
/* End PBXSourcesBuildPhase section */

/* Begin PBXTargetDependency section */
		64E048FE2A9572E400C68C19 /* PBXTargetDependency */ = {
			isa = PBXTargetDependency;
			target = 64E048E52A9572E000C68C19 /* CatStoryBoard */;
			targetProxy = 64E048FD2A9572E400C68C19 /* PBXContainerItemProxy */;
		};
		64E049082A9572E500C68C19 /* PBXTargetDependency */ = {
			isa = PBXTargetDependency;
			target = 64E048E52A9572E000C68C19 /* CatStoryBoard */;
			targetProxy = 64E049072A9572E500C68C19 /* PBXContainerItemProxy */;
		};
/* End PBXTargetDependency section */

/* Begin PBXVariantGroup section */
		64E048EF2A9572E000C68C19 /* Main.storyboard */ = {
			isa = PBXVariantGroup;
			children = (
				64E048F02A9572E000C68C19 /* Base */,
			);
			name = Main.storyboard;
			sourceTree = "<group>";
		};
		64E048F42A9572E400C68C19 /* LaunchScreen.storyboard */ = {
			isa = PBXVariantGroup;
			children = (
				64E048F52A9572E400C68C19 /* Base */,
			);
			name = LaunchScreen.storyboard;
			sourceTree = "<group>";
		};
/* End PBXVariantGroup section */

/* Begin XCBuildConfiguration section */
		64E0490E2A9572E500C68C19 /* Debug */ = {
			isa = XCBuildConfiguration;
			buildSettings = {
				ALWAYS_SEARCH_USER_PATHS = NO;
				CLANG_ANALYZER_NONNULL = YES;
				CLANG_ANALYZER_NUMBER_OBJECT_CONVERSION = YES_AGGRESSIVE;
				CLANG_CXX_LANGUAGE_STANDARD = "gnu++20";
				CLANG_ENABLE_MODULES = YES;
				CLANG_ENABLE_OBJC_ARC = YES;
				CLANG_ENABLE_OBJC_WEAK = YES;
				CLANG_WARN_BLOCK_CAPTURE_AUTORELEASING = YES;
				CLANG_WARN_BOOL_CONVERSION = YES;
				CLANG_WARN_COMMA = YES;
				CLANG_WARN_CONSTANT_CONVERSION = YES;
				CLANG_WARN_DEPRECATED_OBJC_IMPLEMENTATIONS = YES;
				CLANG_WARN_DIRECT_OBJC_ISA_USAGE = YES_ERROR;
				CLANG_WARN_DOCUMENTATION_COMMENTS = YES;
				CLANG_WARN_EMPTY_BODY = YES;
				CLANG_WARN_ENUM_CONVERSION = YES;
				CLANG_WARN_INFINITE_RECURSION = YES;
				CLANG_WARN_INT_CONVERSION = YES;
				CLANG_WARN_NON_LITERAL_NULL_CONVERSION = YES;
				CLANG_WARN_OBJC_IMPLICIT_RETAIN_SELF = YES;
				CLANG_WARN_OBJC_LITERAL_CONVERSION = YES;
				CLANG_WARN_OBJC_ROOT_CLASS = YES_ERROR;
				CLANG_WARN_QUOTED_INCLUDE_IN_FRAMEWORK_HEADER = YES;
				CLANG_WARN_RANGE_LOOP_ANALYSIS = YES;
				CLANG_WARN_STRICT_PROTOTYPES = YES;
				CLANG_WARN_SUSPICIOUS_MOVE = YES;
				CLANG_WARN_UNGUARDED_AVAILABILITY = YES_AGGRESSIVE;
				CLANG_WARN_UNREACHABLE_CODE = YES;
				CLANG_WARN__DUPLICATE_METHOD_MATCH = YES;
				COPY_PHASE_STRIP = NO;
				DEBUG_INFORMATION_FORMAT = dwarf;
				ENABLE_STRICT_OBJC_MSGSEND = YES;
				ENABLE_TESTABILITY = YES;
				GCC_C_LANGUAGE_STANDARD = gnu11;
				GCC_DYNAMIC_NO_PIC = NO;
				GCC_NO_COMMON_BLOCKS = YES;
				GCC_OPTIMIZATION_LEVEL = 0;
				GCC_PREPROCESSOR_DEFINITIONS = (
					"DEBUG=1",
					"$(inherited)",
				);
				GCC_WARN_64_TO_32_BIT_CONVERSION = YES;
				GCC_WARN_ABOUT_RETURN_TYPE = YES_ERROR;
				GCC_WARN_UNDECLARED_SELECTOR = YES;
				GCC_WARN_UNINITIALIZED_AUTOS = YES_AGGRESSIVE;
				GCC_WARN_UNUSED_FUNCTION = YES;
				GCC_WARN_UNUSED_VARIABLE = YES;
				IPHONEOS_DEPLOYMENT_TARGET = 16.4;
				MTL_ENABLE_DEBUG_INFO = INCLUDE_SOURCE;
				MTL_FAST_MATH = YES;
				ONLY_ACTIVE_ARCH = YES;
				SDKROOT = iphoneos;
				SWIFT_ACTIVE_COMPILATION_CONDITIONS = DEBUG;
				SWIFT_OPTIMIZATION_LEVEL = "-Onone";
			};
			name = Debug;
		};
		64E0490F2A9572E500C68C19 /* Release */ = {
			isa = XCBuildConfiguration;
			buildSettings = {
				ALWAYS_SEARCH_USER_PATHS = NO;
				CLANG_ANALYZER_NONNULL = YES;
				CLANG_ANALYZER_NUMBER_OBJECT_CONVERSION = YES_AGGRESSIVE;
				CLANG_CXX_LANGUAGE_STANDARD = "gnu++20";
				CLANG_ENABLE_MODULES = YES;
				CLANG_ENABLE_OBJC_ARC = YES;
				CLANG_ENABLE_OBJC_WEAK = YES;
				CLANG_WARN_BLOCK_CAPTURE_AUTORELEASING = YES;
				CLANG_WARN_BOOL_CONVERSION = YES;
				CLANG_WARN_COMMA = YES;
				CLANG_WARN_CONSTANT_CONVERSION = YES;
				CLANG_WARN_DEPRECATED_OBJC_IMPLEMENTATIONS = YES;
				CLANG_WARN_DIRECT_OBJC_ISA_USAGE = YES_ERROR;
				CLANG_WARN_DOCUMENTATION_COMMENTS = YES;
				CLANG_WARN_EMPTY_BODY = YES;
				CLANG_WARN_ENUM_CONVERSION = YES;
				CLANG_WARN_INFINITE_RECURSION = YES;
				CLANG_WARN_INT_CONVERSION = YES;
				CLANG_WARN_NON_LITERAL_NULL_CONVERSION = YES;
				CLANG_WARN_OBJC_IMPLICIT_RETAIN_SELF = YES;
				CLANG_WARN_OBJC_LITERAL_CONVERSION = YES;
				CLANG_WARN_OBJC_ROOT_CLASS = YES_ERROR;
				CLANG_WARN_QUOTED_INCLUDE_IN_FRAMEWORK_HEADER = YES;
				CLANG_WARN_RANGE_LOOP_ANALYSIS = YES;
				CLANG_WARN_STRICT_PROTOTYPES = YES;
				CLANG_WARN_SUSPICIOUS_MOVE = YES;
				CLANG_WARN_UNGUARDED_AVAILABILITY = YES_AGGRESSIVE;
				CLANG_WARN_UNREACHABLE_CODE = YES;
				CLANG_WARN__DUPLICATE_METHOD_MATCH = YES;
				COPY_PHASE_STRIP = NO;
				DEBUG_INFORMATION_FORMAT = "dwarf-with-dsym";
				ENABLE_NS_ASSERTIONS = NO;
				ENABLE_STRICT_OBJC_MSGSEND = YES;
				GCC_C_LANGUAGE_STANDARD = gnu11;
				GCC_NO_COMMON_BLOCKS = YES;
				GCC_WARN_64_TO_32_BIT_CONVERSION = YES;
				GCC_WARN_ABOUT_RETURN_TYPE = YES_ERROR;
				GCC_WARN_UNDECLARED_SELECTOR = YES;
				GCC_WARN_UNINITIALIZED_AUTOS = YES_AGGRESSIVE;
				GCC_WARN_UNUSED_FUNCTION = YES;
				GCC_WARN_UNUSED_VARIABLE = YES;
				IPHONEOS_DEPLOYMENT_TARGET = 16.4;
				MTL_ENABLE_DEBUG_INFO = NO;
				MTL_FAST_MATH = YES;
				SDKROOT = iphoneos;
				SWIFT_COMPILATION_MODE = wholemodule;
				SWIFT_OPTIMIZATION_LEVEL = "-O";
				VALIDATE_PRODUCT = YES;
			};
			name = Release;
		};
		64E049112A9572E500C68C19 /* Debug */ = {
			isa = XCBuildConfiguration;
			buildSettings = {
				ASSETCATALOG_COMPILER_APPICON_NAME = AppIcon;
				ASSETCATALOG_COMPILER_GLOBAL_ACCENT_COLOR_NAME = AccentColor;
				CODE_SIGN_STYLE = Automatic;
				CURRENT_PROJECT_VERSION = 1;
				DEVELOPMENT_TEAM = 85VBBM95CJ;
				GENERATE_INFOPLIST_FILE = YES;
				INFOPLIST_FILE = CatStoryBoard/Info.plist;
				INFOPLIST_KEY_UIApplicationSupportsIndirectInputEvents = YES;
				INFOPLIST_KEY_UILaunchStoryboardName = LaunchScreen;
				INFOPLIST_KEY_UIMainStoryboardFile = Main;
				INFOPLIST_KEY_UISupportedInterfaceOrientations_iPad = "UIInterfaceOrientationPortrait UIInterfaceOrientationPortraitUpsideDown UIInterfaceOrientationLandscapeLeft UIInterfaceOrientationLandscapeRight";
				INFOPLIST_KEY_UISupportedInterfaceOrientations_iPhone = "UIInterfaceOrientationPortrait UIInterfaceOrientationLandscapeLeft UIInterfaceOrientationLandscapeRight";
				LD_RUNPATH_SEARCH_PATHS = (
					"$(inherited)",
					"@executable_path/Frameworks",
				);
				MARKETING_VERSION = 1.0;
				PRODUCT_BUNDLE_IDENTIFIER = practice.CatStoryBoard;
				PRODUCT_NAME = "$(TARGET_NAME)";
				SWIFT_EMIT_LOC_STRINGS = YES;
				SWIFT_VERSION = 5.0;
				TARGETED_DEVICE_FAMILY = "1,2";
			};
			name = Debug;
		};
		64E049122A9572E500C68C19 /* Release */ = {
			isa = XCBuildConfiguration;
			buildSettings = {
				ASSETCATALOG_COMPILER_APPICON_NAME = AppIcon;
				ASSETCATALOG_COMPILER_GLOBAL_ACCENT_COLOR_NAME = AccentColor;
				CODE_SIGN_STYLE = Automatic;
				CURRENT_PROJECT_VERSION = 1;
				DEVELOPMENT_TEAM = 85VBBM95CJ;
				GENERATE_INFOPLIST_FILE = YES;
				INFOPLIST_FILE = CatStoryBoard/Info.plist;
				INFOPLIST_KEY_UIApplicationSupportsIndirectInputEvents = YES;
				INFOPLIST_KEY_UILaunchStoryboardName = LaunchScreen;
				INFOPLIST_KEY_UIMainStoryboardFile = Main;
				INFOPLIST_KEY_UISupportedInterfaceOrientations_iPad = "UIInterfaceOrientationPortrait UIInterfaceOrientationPortraitUpsideDown UIInterfaceOrientationLandscapeLeft UIInterfaceOrientationLandscapeRight";
				INFOPLIST_KEY_UISupportedInterfaceOrientations_iPhone = "UIInterfaceOrientationPortrait UIInterfaceOrientationLandscapeLeft UIInterfaceOrientationLandscapeRight";
				LD_RUNPATH_SEARCH_PATHS = (
					"$(inherited)",
					"@executable_path/Frameworks",
				);
				MARKETING_VERSION = 1.0;
				PRODUCT_BUNDLE_IDENTIFIER = practice.CatStoryBoard;
				PRODUCT_NAME = "$(TARGET_NAME)";
				SWIFT_EMIT_LOC_STRINGS = YES;
				SWIFT_VERSION = 5.0;
				TARGETED_DEVICE_FAMILY = "1,2";
			};
			name = Release;
		};
		64E049142A9572E500C68C19 /* Debug */ = {
			isa = XCBuildConfiguration;
			buildSettings = {
				ALWAYS_EMBED_SWIFT_STANDARD_LIBRARIES = YES;
				BUNDLE_LOADER = "$(TEST_HOST)";
				CODE_SIGN_STYLE = Automatic;
				CURRENT_PROJECT_VERSION = 1;
				DEVELOPMENT_TEAM = 85VBBM95CJ;
				GENERATE_INFOPLIST_FILE = YES;
				IPHONEOS_DEPLOYMENT_TARGET = 16.4;
				MARKETING_VERSION = 1.0;
				PRODUCT_BUNDLE_IDENTIFIER = practice.CatStoryBoardTests;
				PRODUCT_NAME = "$(TARGET_NAME)";
				SWIFT_EMIT_LOC_STRINGS = NO;
				SWIFT_VERSION = 5.0;
				TARGETED_DEVICE_FAMILY = "1,2";
				TEST_HOST = "$(BUILT_PRODUCTS_DIR)/CatStoryBoard.app/$(BUNDLE_EXECUTABLE_FOLDER_PATH)/CatStoryBoard";
			};
			name = Debug;
		};
		64E049152A9572E500C68C19 /* Release */ = {
			isa = XCBuildConfiguration;
			buildSettings = {
				ALWAYS_EMBED_SWIFT_STANDARD_LIBRARIES = YES;
				BUNDLE_LOADER = "$(TEST_HOST)";
				CODE_SIGN_STYLE = Automatic;
				CURRENT_PROJECT_VERSION = 1;
				DEVELOPMENT_TEAM = 85VBBM95CJ;
				GENERATE_INFOPLIST_FILE = YES;
				IPHONEOS_DEPLOYMENT_TARGET = 16.4;
				MARKETING_VERSION = 1.0;
				PRODUCT_BUNDLE_IDENTIFIER = practice.CatStoryBoardTests;
				PRODUCT_NAME = "$(TARGET_NAME)";
				SWIFT_EMIT_LOC_STRINGS = NO;
				SWIFT_VERSION = 5.0;
				TARGETED_DEVICE_FAMILY = "1,2";
				TEST_HOST = "$(BUILT_PRODUCTS_DIR)/CatStoryBoard.app/$(BUNDLE_EXECUTABLE_FOLDER_PATH)/CatStoryBoard";
			};
			name = Release;
		};
		64E049172A9572E500C68C19 /* Debug */ = {
			isa = XCBuildConfiguration;
			buildSettings = {
				ALWAYS_EMBED_SWIFT_STANDARD_LIBRARIES = YES;
				CODE_SIGN_STYLE = Automatic;
				CURRENT_PROJECT_VERSION = 1;
				DEVELOPMENT_TEAM = 85VBBM95CJ;
				GENERATE_INFOPLIST_FILE = YES;
				MARKETING_VERSION = 1.0;
				PRODUCT_BUNDLE_IDENTIFIER = practice.CatStoryBoardUITests;
				PRODUCT_NAME = "$(TARGET_NAME)";
				SWIFT_EMIT_LOC_STRINGS = NO;
				SWIFT_VERSION = 5.0;
				TARGETED_DEVICE_FAMILY = "1,2";
				TEST_TARGET_NAME = CatStoryBoard;
			};
			name = Debug;
		};
		64E049182A9572E500C68C19 /* Release */ = {
			isa = XCBuildConfiguration;
			buildSettings = {
				ALWAYS_EMBED_SWIFT_STANDARD_LIBRARIES = YES;
				CODE_SIGN_STYLE = Automatic;
				CURRENT_PROJECT_VERSION = 1;
				DEVELOPMENT_TEAM = 85VBBM95CJ;
				GENERATE_INFOPLIST_FILE = YES;
				MARKETING_VERSION = 1.0;
				PRODUCT_BUNDLE_IDENTIFIER = practice.CatStoryBoardUITests;
				PRODUCT_NAME = "$(TARGET_NAME)";
				SWIFT_EMIT_LOC_STRINGS = NO;
				SWIFT_VERSION = 5.0;
				TARGETED_DEVICE_FAMILY = "1,2";
				TEST_TARGET_NAME = CatStoryBoard;
			};
			name = Release;
		};
/* End XCBuildConfiguration section */

/* Begin XCConfigurationList section */
		64E048E12A9572E000C68C19 /* Build configuration list for PBXProject "CatStoryBoard" */ = {
			isa = XCConfigurationList;
			buildConfigurations = (
				64E0490E2A9572E500C68C19 /* Debug */,
				64E0490F2A9572E500C68C19 /* Release */,
			);
			defaultConfigurationIsVisible = 0;
			defaultConfigurationName = Release;
		};
		64E049102A9572E500C68C19 /* Build configuration list for PBXNativeTarget "CatStoryBoard" */ = {
			isa = XCConfigurationList;
			buildConfigurations = (
				64E049112A9572E500C68C19 /* Debug */,
				64E049122A9572E500C68C19 /* Release */,
			);
			defaultConfigurationIsVisible = 0;
			defaultConfigurationName = Release;
		};
		64E049132A9572E500C68C19 /* Build configuration list for PBXNativeTarget "CatStoryBoardTests" */ = {
			isa = XCConfigurationList;
			buildConfigurations = (
				64E049142A9572E500C68C19 /* Debug */,
				64E049152A9572E500C68C19 /* Release */,
			);
			defaultConfigurationIsVisible = 0;
			defaultConfigurationName = Release;
		};
		64E049162A9572E500C68C19 /* Build configuration list for PBXNativeTarget "CatStoryBoardUITests" */ = {
			isa = XCConfigurationList;
			buildConfigurations = (
				64E049172A9572E500C68C19 /* Debug */,
				64E049182A9572E500C68C19 /* Release */,
			);
			defaultConfigurationIsVisible = 0;
			defaultConfigurationName = Release;
		};
/* End XCConfigurationList section */
	};
	rootObject = 64E048DE2A9572E000C68C19 /* Project object */;
}
